
Microsoft Visual Studio Solution File, Format Version 12.00
# Visual Studio Version 16
VisualStudioVersion = 16.0.29326.143
MinimumVisualStudioVersion = 10.0.40219.1
Project("{9A19103F-16F7-4668-BE54-9A1E7A4F7556}") = "ProcessTweets2", "ProcessTweets2\ProcessTweets2.csproj", "{26B537DA-F5BD-4506-9EBF-0F521600F1DB}"
	ProjectSection(ProjectDependencies) = postProject
		{2BB5EF89-50E7-467B-B886-DF55E63301E4} = {2BB5EF89-50E7-467B-B886-DF55E63301E4}
	EndProjectSection
EndProject
Project("{9A19103F-16F7-4668-BE54-9A1E7A4F7556}") = "AzTwitterSarTests", "AzTwitterSarUnittest\AzTwitterSarTests.csproj", "{61C1E3D7-DDA0-458F-A3ED-89812FD52B3A}"
	ProjectSection(ProjectDependencies) = postProject
		{2BB5EF89-50E7-467B-B886-DF55E63301E4} = {2BB5EF89-50E7-467B-B886-DF55E63301E4}
	EndProjectSection
EndProject
Project("{9A19103F-16F7-4668-BE54-9A1E7A4F7556}") = "DurableAzTwitterSar", "DurablePoc\DurableAzTwitterSar.csproj", "{2BB5EF89-50E7-467B-B886-DF55E63301E4}"
EndProject
Project("{2150E333-8FDC-42A3-9474-1A3956D46DE8}") = "Tests", "Tests", "{F5A586C2-18DE-415D-B086-7FF58CE8739B}"
EndProject
Global
	GlobalSection(SolutionConfigurationPlatforms) = preSolution
		Debug|Any CPU = Debug|Any CPU
		Release|Any CPU = Release|Any CPU
	EndGlobalSection
	GlobalSection(ProjectConfigurationPlatforms) = postSolution
		{26B537DA-F5BD-4506-9EBF-0F521600F1DB}.Debug|Any CPU.ActiveCfg = Debug|Any CPU
		{26B537DA-F5BD-4506-9EBF-0F521600F1DB}.Debug|Any CPU.Build.0 = Debug|Any CPU
		{26B537DA-F5BD-4506-9EBF-0F521600F1DB}.Release|Any CPU.ActiveCfg = Release|Any CPU
		{26B537DA-F5BD-4506-9EBF-0F521600F1DB}.Release|Any CPU.Build.0 = Release|Any CPU
		{61C1E3D7-DDA0-458F-A3ED-89812FD52B3A}.Debug|Any CPU.ActiveCfg = Debug|Any CPU
		{61C1E3D7-DDA0-458F-A3ED-89812FD52B3A}.Debug|Any CPU.Build.0 = Debug|Any CPU
		{61C1E3D7-DDA0-458F-A3ED-89812FD52B3A}.Release|Any CPU.ActiveCfg = Release|Any CPU
		{61C1E3D7-DDA0-458F-A3ED-89812FD52B3A}.Release|Any CPU.Build.0 = Release|Any CPU
		{2BB5EF89-50E7-467B-B886-DF55E63301E4}.Debug|Any CPU.ActiveCfg = Debug|Any CPU
		{2BB5EF89-50E7-467B-B886-DF55E63301E4}.Debug|Any CPU.Build.0 = Debug|Any CPU
		{2BB5EF89-50E7-467B-B886-DF55E63301E4}.Release|Any CPU.ActiveCfg = Release|Any CPU
		{2BB5EF89-50E7-467B-B886-DF55E63301E4}.Release|Any CPU.Build.0 = Release|Any CPU
	EndGlobalSection
	GlobalSection(SolutionProperties) = preSolution
		HideSolutionNode = FALSE
	EndGlobalSection
	GlobalSection(NestedProjects) = preSolution
		{61C1E3D7-DDA0-458F-A3ED-89812FD52B3A} = {F5A586C2-18DE-415D-B086-7FF58CE8739B}
	EndGlobalSection
	GlobalSection(ExtensibilityGlobals) = postSolution
		SolutionGuid = {8B32FBA0-13E5-4D1D-9BFF-C52D76BC6688}
	EndGlobalSection
EndGlobal
