
Microsoft Visual Studio Solution File, Format Version 12.00
# Visual Studio 15
VisualStudioVersion = 15.0.28307.102
MinimumVisualStudioVersion = 10.0.40219.1
Project("{9A19103F-16F7-4668-BE54-9A1E7A4F7556}") = "AzTwitterSar", "azTwitterSar\AzTwitterSar.csproj", "{F905CBA8-D5B2-45A7-8E24-C2AB5789056F}"
EndProject
Project("{FAE04EC0-301F-11D3-BF4B-00C04F79EFBC}") = "UnitTestProjectAzTwitterSar", "UnitTestProjectAzTwitterSar\UnitTestProjectAzTwitterSar.csproj", "{82A7157D-0C4A-4A5F-B23C-CBC8BD488AE2}"
EndProject
Global
	GlobalSection(SolutionConfigurationPlatforms) = preSolution
		Debug|Any CPU = Debug|Any CPU
		Release|Any CPU = Release|Any CPU
	EndGlobalSection
	GlobalSection(ProjectConfigurationPlatforms) = postSolution
		{F905CBA8-D5B2-45A7-8E24-C2AB5789056F}.Debug|Any CPU.ActiveCfg = Debug|Any CPU
		{F905CBA8-D5B2-45A7-8E24-C2AB5789056F}.Debug|Any CPU.Build.0 = Debug|Any CPU
		{F905CBA8-D5B2-45A7-8E24-C2AB5789056F}.Release|Any CPU.ActiveCfg = Release|Any CPU
		{F905CBA8-D5B2-45A7-8E24-C2AB5789056F}.Release|Any CPU.Build.0 = Release|Any CPU
		{82A7157D-0C4A-4A5F-B23C-CBC8BD488AE2}.Debug|Any CPU.ActiveCfg = Debug|Any CPU
		{82A7157D-0C4A-4A5F-B23C-CBC8BD488AE2}.Debug|Any CPU.Build.0 = Debug|Any CPU
		{82A7157D-0C4A-4A5F-B23C-CBC8BD488AE2}.Release|Any CPU.ActiveCfg = Release|Any CPU
		{82A7157D-0C4A-4A5F-B23C-CBC8BD488AE2}.Release|Any CPU.Build.0 = Release|Any CPU
	EndGlobalSection
	GlobalSection(SolutionProperties) = preSolution
		HideSolutionNode = FALSE
	EndGlobalSection
	GlobalSection(ExtensibilityGlobals) = postSolution
		SolutionGuid = {8B32FBA0-13E5-4D1D-9BFF-C52D76BC6688}
	EndGlobalSection
EndGlobal
